// !$*UTF8*$!
{
	archiveVersion = 1;
	classes = {
	};
	objectVersion = 56;
	objects = {

/* Begin PBXBuildFile section */
		7540DF162F325A490043AB08 /* GameClock.swift in Sources */ = {isa = PBXBuildFile; fileRef = 7540DF152F325A490043AB08 /* GameClock.swift */; };
		7540DF182F325A710043AB08 /* CountdownClock.swift in Sources */ = {isa = PBXBuildFile; fileRef = 7540DF172F325A710043AB08 /* CountdownClock.swift */; };
		754602352F16B37F00FE1399 /* TicTacToeHotSeatApp.swift in Sources */ = {isa = PBXBuildFile; fileRef = 754602342F16B37F00FE1399 /* TicTacToeHotSeatApp.swift */; };
		754602372F16B37F00FE1399 /* ContentView.swift in Sources */ = {isa = PBXBuildFile; fileRef = 754602362F16B37F00FE1399 /* ContentView.swift */; };
		754602392F16B38100FE1399 /* Assets.xcassets in Resources */ = {isa = PBXBuildFile; fileRef = 754602382F16B38100FE1399 /* Assets.xcassets */; };
		754602462F16B38200FE1399 /* TicTacToeHotSeatTests.swift in Sources */ = {isa = PBXBuildFile; fileRef = 754602452F16B38200FE1399 /* TicTacToeHotSeatTests.swift */; };
		754602502F16B38200FE1399 /* TicTacToeHotSeatUITests.swift in Sources */ = {isa = PBXBuildFile; fileRef = 7546024F2F16B38200FE1399 /* TicTacToeHotSeatUITests.swift */; };
		754602522F16B38200FE1399 /* TicTacToeHotSeatUITestsLaunchTests.swift in Sources */ = {isa = PBXBuildFile; fileRef = 754602512F16B38200FE1399 /* TicTacToeHotSeatUITestsLaunchTests.swift */; };
		75DA80442F1E860200FB31FC /* TicTacToeEngine.swift in Sources */ = {isa = PBXBuildFile; fileRef = 75DA80432F1E860200FB31FC /* TicTacToeEngine.swift */; };
		75DAAAF82F27BA6400DDF2B1 /* GameConfig.swift in Sources */ = {isa = PBXBuildFile; fileRef = 75DAAAF72F27BA6400DDF2B1 /* GameConfig.swift */; };
		75FAAD5E2F310121005C1948 /* AIStrategy.swift in Sources */ = {isa = PBXBuildFile; fileRef = 75FAAD5D2F310121005C1948 /* AIStrategy.swift */; };
		75FAAD602F310FF1005C1948 /* MoveHistory.swift in Sources */ = {isa = PBXBuildFile; fileRef = 75FAAD5F2F310FF1005C1948 /* MoveHistory.swift */; };
/* End PBXBuildFile section */

/* Begin PBXContainerItemProxy section */
		754602422F16B38200FE1399 /* PBXContainerItemProxy */ = {
			isa = PBXContainerItemProxy;
			containerPortal = 754602292F16B37F00FE1399 /* Project object */;
			proxyType = 1;
			remoteGlobalIDString = 754602302F16B37F00FE1399;
			remoteInfo = SwiftUIPlayground;
		};
		7546024C2F16B38200FE1399 /* PBXContainerItemProxy */ = {
			isa = PBXContainerItemProxy;
			containerPortal = 754602292F16B37F00FE1399 /* Project object */;
			proxyType = 1;
			remoteGlobalIDString = 754602302F16B37F00FE1399;
			remoteInfo = SwiftUIPlayground;
		};
/* End PBXContainerItemProxy section */

/* Begin PBXFileReference section */
		7540DF152F325A490043AB08 /* GameClock.swift */ = {isa = PBXFileReference; lastKnownFileType = sourcecode.swift; path = GameClock.swift; sourceTree = "<group>"; };
		7540DF172F325A710043AB08 /* CountdownClock.swift */ = {isa = PBXFileReference; lastKnownFileType = sourcecode.swift; path = CountdownClock.swift; sourceTree = "<group>"; };
		754602312F16B37F00FE1399 /* TicTacToeHotSeat.app */ = {isa = PBXFileReference; explicitFileType = wrapper.application; includeInIndex = 0; path = TicTacToeHotSeat.app; sourceTree = BUILT_PRODUCTS_DIR; };
		754602342F16B37F00FE1399 /* TicTacToeHotSeatApp.swift */ = {isa = PBXFileReference; lastKnownFileType = sourcecode.swift; path = TicTacToeHotSeatApp.swift; sourceTree = "<group>"; };
		754602362F16B37F00FE1399 /* ContentView.swift */ = {isa = PBXFileReference; lastKnownFileType = sourcecode.swift; path = ContentView.swift; sourceTree = "<group>"; };
		754602382F16B38100FE1399 /* Assets.xcassets */ = {isa = PBXFileReference; lastKnownFileType = folder.assetcatalog; path = Assets.xcassets; sourceTree = "<group>"; };
		754602412F16B38200FE1399 /* TicTacToeHotSeatTests.xctest */ = {isa = PBXFileReference; explicitFileType = wrapper.cfbundle; includeInIndex = 0; path = TicTacToeHotSeatTests.xctest; sourceTree = BUILT_PRODUCTS_DIR; };
		754602452F16B38200FE1399 /* TicTacToeHotSeatTests.swift */ = {isa = PBXFileReference; lastKnownFileType = sourcecode.swift; path = TicTacToeHotSeatTests.swift; sourceTree = "<group>"; };
		7546024B2F16B38200FE1399 /* TicTacToeHotSeatUITests.xctest */ = {isa = PBXFileReference; explicitFileType = wrapper.cfbundle; includeInIndex = 0; path = TicTacToeHotSeatUITests.xctest; sourceTree = BUILT_PRODUCTS_DIR; };
		7546024F2F16B38200FE1399 /* TicTacToeHotSeatUITests.swift */ = {isa = PBXFileReference; lastKnownFileType = sourcecode.swift; path = TicTacToeHotSeatUITests.swift; sourceTree = "<group>"; };
		754602512F16B38200FE1399 /* TicTacToeHotSeatUITestsLaunchTests.swift */ = {isa = PBXFileReference; lastKnownFileType = sourcecode.swift; path = TicTacToeHotSeatUITestsLaunchTests.swift; sourceTree = "<group>"; };
		75DA80432F1E860200FB31FC /* TicTacToeEngine.swift */ = {isa = PBXFileReference; lastKnownFileType = sourcecode.swift; path = TicTacToeEngine.swift; sourceTree = "<group>"; };
		75DAAAF72F27BA6400DDF2B1 /* GameConfig.swift */ = {isa = PBXFileReference; lastKnownFileType = sourcecode.swift; path = GameConfig.swift; sourceTree = "<group>"; };
		75FAAD5D2F310121005C1948 /* AIStrategy.swift */ = {isa = PBXFileReference; lastKnownFileType = sourcecode.swift; path = AIStrategy.swift; sourceTree = "<group>"; };
		75FAAD5F2F310FF1005C1948 /* MoveHistory.swift */ = {isa = PBXFileReference; lastKnownFileType = sourcecode.swift; path = MoveHistory.swift; sourceTree = "<group>"; };
/* End PBXFileReference section */

/* Begin PBXFrameworksBuildPhase section */
		7546022E2F16B37F00FE1399 /* Frameworks */ = {
			isa = PBXFrameworksBuildPhase;
			buildActionMask = 2147483647;
			files = (
			);
			runOnlyForDeploymentPostprocessing = 0;
		};
		7546023E2F16B38200FE1399 /* Frameworks */ = {
			isa = PBXFrameworksBuildPhase;
			buildActionMask = 2147483647;
			files = (
			);
			runOnlyForDeploymentPostprocessing = 0;
		};
		754602482F16B38200FE1399 /* Frameworks */ = {
			isa = PBXFrameworksBuildPhase;
			buildActionMask = 2147483647;
			files = (
			);
			runOnlyForDeploymentPostprocessing = 0;
		};
/* End PBXFrameworksBuildPhase section */

/* Begin PBXGroup section */
		754602282F16B37F00FE1399 = {
			isa = PBXGroup;
			children = (
				754602332F16B37F00FE1399 /* TicTacToeHotSeat */,
				754602442F16B38200FE1399 /* TicTacToeHotSeatTests */,
				7546024E2F16B38200FE1399 /* TicTacToeHotSeatUITests */,
				754602322F16B37F00FE1399 /* Products */,
			);
			sourceTree = "<group>";
		};
		754602322F16B37F00FE1399 /* Products */ = {
			isa = PBXGroup;
			children = (
				754602312F16B37F00FE1399 /* TicTacToeHotSeat.app */,
				754602412F16B38200FE1399 /* TicTacToeHotSeatTests.xctest */,
				7546024B2F16B38200FE1399 /* TicTacToeHotSeatUITests.xctest */,
			);
			name = Products;
			sourceTree = "<group>";
		};
		754602332F16B37F00FE1399 /* TicTacToeHotSeat */ = {
			isa = PBXGroup;
			children = (
				75FAAD5D2F310121005C1948 /* AIStrategy.swift */,
				754602362F16B37F00FE1399 /* ContentView.swift */,
				7540DF172F325A710043AB08 /* CountdownClock.swift */,
				7540DF152F325A490043AB08 /* GameClock.swift */,
				75DAAAF72F27BA6400DDF2B1 /* GameConfig.swift */,
				75FAAD5F2F310FF1005C1948 /* MoveHistory.swift */,
				754602342F16B37F00FE1399 /* TicTacToeHotSeatApp.swift */,
				75DA80432F1E860200FB31FC /* TicTacToeEngine.swift */,
				754602382F16B38100FE1399 /* Assets.xcassets */,
			);
			path = TicTacToeHotSeat;
			sourceTree = "<group>";
		};
		754602442F16B38200FE1399 /* TicTacToeHotSeatTests */ = {
			isa = PBXGroup;
			children = (
				754602452F16B38200FE1399 /* TicTacToeHotSeatTests.swift */,
			);
			path = TicTacToeHotSeatTests;
			sourceTree = "<group>";
		};
		7546024E2F16B38200FE1399 /* TicTacToeHotSeatUITests */ = {
			isa = PBXGroup;
			children = (
				7546024F2F16B38200FE1399 /* TicTacToeHotSeatUITests.swift */,
				754602512F16B38200FE1399 /* TicTacToeHotSeatUITestsLaunchTests.swift */,
			);
			path = TicTacToeHotSeatUITests;
			sourceTree = "<group>";
		};
/* End PBXGroup section */

/* Begin PBXNativeTarget section */
		754602302F16B37F00FE1399 /* TicTacToeHotSeat */ = {
			isa = PBXNativeTarget;
			buildConfigurationList = 754602552F16B38200FE1399 /* Build configuration list for PBXNativeTarget "TicTacToeHotSeat" */;
			buildPhases = (
				7546022D2F16B37F00FE1399 /* Sources */,
				7546022E2F16B37F00FE1399 /* Frameworks */,
				7546022F2F16B37F00FE1399 /* Resources */,
			);
			buildRules = (
			);
			dependencies = (
			);
			name = TicTacToeHotSeat;
			productName = SwiftUIPlayground;
			productReference = 754602312F16B37F00FE1399 /* TicTacToeHotSeat.app */;
			productType = "com.apple.product-type.application";
		};
		754602402F16B38200FE1399 /* TicTacToeHotSeatTests */ = {
			isa = PBXNativeTarget;
			buildConfigurationList = 754602582F16B38200FE1399 /* Build configuration list for PBXNativeTarget "TicTacToeHotSeatTests" */;
			buildPhases = (
				7546023D2F16B38200FE1399 /* Sources */,
				7546023E2F16B38200FE1399 /* Frameworks */,
				7546023F2F16B38200FE1399 /* Resources */,
			);
			buildRules = (
			);
			dependencies = (
				754602432F16B38200FE1399 /* PBXTargetDependency */,
			);
			name = TicTacToeHotSeatTests;
			productName = SwiftUIPlaygroundTests;
			productReference = 754602412F16B38200FE1399 /* TicTacToeHotSeatTests.xctest */;
			productType = "com.apple.product-type.bundle.unit-test";
		};
		7546024A2F16B38200FE1399 /* TicTacToeHotSeatUITests */ = {
			isa = PBXNativeTarget;
			buildConfigurationList = 7546025B2F16B38200FE1399 /* Build configuration list for PBXNativeTarget "TicTacToeHotSeatUITests" */;
			buildPhases = (
				754602472F16B38200FE1399 /* Sources */,
				754602482F16B38200FE1399 /* Frameworks */,
				754602492F16B38200FE1399 /* Resources */,
			);
			buildRules = (
			);
			dependencies = (
				7546024D2F16B38200FE1399 /* PBXTargetDependency */,
			);
			name = TicTacToeHotSeatUITests;
			productName = SwiftUIPlaygroundUITests;
			productReference = 7546024B2F16B38200FE1399 /* TicTacToeHotSeatUITests.xctest */;
			productType = "com.apple.product-type.bundle.ui-testing";
		};
/* End PBXNativeTarget section */

/* Begin PBXProject section */
		754602292F16B37F00FE1399 /* Project object */ = {
			isa = PBXProject;
			attributes = {
				BuildIndependentTargetsInParallel = 1;
				LastSwiftUpdateCheck = 1420;
				LastUpgradeCheck = 1420;
				TargetAttributes = {
					754602302F16B37F00FE1399 = {
						CreatedOnToolsVersion = 14.2;
					};
					754602402F16B38200FE1399 = {
						CreatedOnToolsVersion = 14.2;
						TestTargetID = 754602302F16B37F00FE1399;
					};
					7546024A2F16B38200FE1399 = {
						CreatedOnToolsVersion = 14.2;
						TestTargetID = 754602302F16B37F00FE1399;
					};
				};
			};
			buildConfigurationList = 7546022C2F16B37F00FE1399 /* Build configuration list for PBXProject "TicTacToeHotSeat" */;
			compatibilityVersion = "Xcode 14.0";
			developmentRegion = en;
			hasScannedForEncodings = 0;
			knownRegions = (
				en,
				Base,
			);
			mainGroup = 754602282F16B37F00FE1399;
			productRefGroup = 754602322F16B37F00FE1399 /* Products */;
			projectDirPath = "";
			projectRoot = "";
			targets = (
				754602302F16B37F00FE1399 /* TicTacToeHotSeat */,
				754602402F16B38200FE1399 /* TicTacToeHotSeatTests */,
				7546024A2F16B38200FE1399 /* TicTacToeHotSeatUITests */,
			);
		};
/* End PBXProject section */

/* Begin PBXResourcesBuildPhase section */
		7546022F2F16B37F00FE1399 /* Resources */ = {
			isa = PBXResourcesBuildPhase;
			buildActionMask = 2147483647;
			files = (
				754602392F16B38100FE1399 /* Assets.xcassets in Resources */,
			);
			runOnlyForDeploymentPostprocessing = 0;
		};
		7546023F2F16B38200FE1399 /* Resources */ = {
			isa = PBXResourcesBuildPhase;
			buildActionMask = 2147483647;
			files = (
			);
			runOnlyForDeploymentPostprocessing = 0;
		};
		754602492F16B38200FE1399 /* Resources */ = {
			isa = PBXResourcesBuildPhase;
			buildActionMask = 2147483647;
			files = (
			);
			runOnlyForDeploymentPostprocessing = 0;
		};
/* End PBXResourcesBuildPhase section */

/* Begin PBXSourcesBuildPhase section */
		7546022D2F16B37F00FE1399 /* Sources */ = {
			isa = PBXSourcesBuildPhase;
			buildActionMask = 2147483647;
			files = (
				75FAAD5E2F310121005C1948 /* AIStrategy.swift in Sources */,
				754602372F16B37F00FE1399 /* ContentView.swift in Sources */,
				75DA80442F1E860200FB31FC /* TicTacToeEngine.swift in Sources */,
				75FAAD602F310FF1005C1948 /* MoveHistory.swift in Sources */,
				7540DF182F325A710043AB08 /* CountdownClock.swift in Sources */,
				7540DF162F325A490043AB08 /* GameClock.swift in Sources */,
				754602352F16B37F00FE1399 /* TicTacToeHotSeatApp.swift in Sources */,
				75DAAAF82F27BA6400DDF2B1 /* GameConfig.swift in Sources */,
			);
			runOnlyForDeploymentPostprocessing = 0;
		};
		7546023D2F16B38200FE1399 /* Sources */ = {
			isa = PBXSourcesBuildPhase;
			buildActionMask = 2147483647;
			files = (
				754602462F16B38200FE1399 /* TicTacToeHotSeatTests.swift in Sources */,
			);
			runOnlyForDeploymentPostprocessing = 0;
		};
		754602472F16B38200FE1399 /* Sources */ = {
			isa = PBXSourcesBuildPhase;
			buildActionMask = 2147483647;
			files = (
				754602502F16B38200FE1399 /* TicTacToeHotSeatUITests.swift in Sources */,
				754602522F16B38200FE1399 /* TicTacToeHotSeatUITestsLaunchTests.swift in Sources */,
			);
			runOnlyForDeploymentPostprocessing = 0;
		};
/* End PBXSourcesBuildPhase section */

/* Begin PBXTargetDependency section */
		754602432F16B38200FE1399 /* PBXTargetDependency */ = {
			isa = PBXTargetDependency;
			target = 754602302F16B37F00FE1399 /* TicTacToeHotSeat */;
			targetProxy = 754602422F16B38200FE1399 /* PBXContainerItemProxy */;
		};
		7546024D2F16B38200FE1399 /* PBXTargetDependency */ = {
			isa = PBXTargetDependency;
			target = 754602302F16B37F00FE1399 /* TicTacToeHotSeat */;
			targetProxy = 7546024C2F16B38200FE1399 /* PBXContainerItemProxy */;
		};
/* End PBXTargetDependency section */

/* Begin XCBuildConfiguration section */
		754602532F16B38200FE1399 /* Debug */ = {
			isa = XCBuildConfiguration;
			buildSettings = {
				ALWAYS_SEARCH_USER_PATHS = NO;
				CLANG_ANALYZER_NONNULL = YES;
				CLANG_ANALYZER_NUMBER_OBJECT_CONVERSION = YES_AGGRESSIVE;
				CLANG_CXX_LANGUAGE_STANDARD = "gnu++20";
				CLANG_ENABLE_MODULES = YES;
				CLANG_ENABLE_OBJC_ARC = YES;
				CLANG_ENABLE_OBJC_WEAK = YES;
				CLANG_WARN_BLOCK_CAPTURE_AUTORELEASING = YES;
				CLANG_WARN_BOOL_CONVERSION = YES;
				CLANG_WARN_COMMA = YES;
				CLANG_WARN_CONSTANT_CONVERSION = YES;
				CLANG_WARN_DEPRECATED_OBJC_IMPLEMENTATIONS = YES;
				CLANG_WARN_DIRECT_OBJC_ISA_USAGE = YES_ERROR;
				CLANG_WARN_DOCUMENTATION_COMMENTS = YES;
				CLANG_WARN_EMPTY_BODY = YES;
				CLANG_WARN_ENUM_CONVERSION = YES;
				CLANG_WARN_INFINITE_RECURSION = YES;
				CLANG_WARN_INT_CONVERSION = YES;
				CLANG_WARN_NON_LITERAL_NULL_CONVERSION = YES;
				CLANG_WARN_OBJC_IMPLICIT_RETAIN_SELF = YES;
				CLANG_WARN_OBJC_LITERAL_CONVERSION = YES;
				CLANG_WARN_OBJC_ROOT_CLASS = YES_ERROR;
				CLANG_WARN_QUOTED_INCLUDE_IN_FRAMEWORK_HEADER = YES;
				CLANG_WARN_RANGE_LOOP_ANALYSIS = YES;
				CLANG_WARN_STRICT_PROTOTYPES = YES;
				CLANG_WARN_SUSPICIOUS_MOVE = YES;
				CLANG_WARN_UNGUARDED_AVAILABILITY = YES_AGGRESSIVE;
				CLANG_WARN_UNREACHABLE_CODE = YES;
				CLANG_WARN__DUPLICATE_METHOD_MATCH = YES;
				COPY_PHASE_STRIP = NO;
				DEBUG_INFORMATION_FORMAT = dwarf;
				ENABLE_STRICT_OBJC_MSGSEND = YES;
				ENABLE_TESTABILITY = YES;
				GCC_C_LANGUAGE_STANDARD = gnu11;
				GCC_DYNAMIC_NO_PIC = NO;
				GCC_NO_COMMON_BLOCKS = YES;
				GCC_OPTIMIZATION_LEVEL = 0;
				GCC_PREPROCESSOR_DEFINITIONS = (
					"DEBUG=1",
					"$(inherited)",
				);
				GCC_WARN_64_TO_32_BIT_CONVERSION = YES;
				GCC_WARN_ABOUT_RETURN_TYPE = YES_ERROR;
				GCC_WARN_UNDECLARED_SELECTOR = YES;
				GCC_WARN_UNINITIALIZED_AUTOS = YES_AGGRESSIVE;
				GCC_WARN_UNUSED_FUNCTION = YES;
				GCC_WARN_UNUSED_VARIABLE = YES;
				IPHONEOS_DEPLOYMENT_TARGET = 16.2;
				MTL_ENABLE_DEBUG_INFO = INCLUDE_SOURCE;
				MTL_FAST_MATH = YES;
				ONLY_ACTIVE_ARCH = YES;
				SDKROOT = iphoneos;
				SWIFT_ACTIVE_COMPILATION_CONDITIONS = DEBUG;
				SWIFT_OPTIMIZATION_LEVEL = "-Onone";
			};
			name = Debug;
		};
		754602542F16B38200FE1399 /* Release */ = {
			isa = XCBuildConfiguration;
			buildSettings = {
				ALWAYS_SEARCH_USER_PATHS = NO;
				CLANG_ANALYZER_NONNULL = YES;
				CLANG_ANALYZER_NUMBER_OBJECT_CONVERSION = YES_AGGRESSIVE;
				CLANG_CXX_LANGUAGE_STANDARD = "gnu++20";
				CLANG_ENABLE_MODULES = YES;
				CLANG_ENABLE_OBJC_ARC = YES;
				CLANG_ENABLE_OBJC_WEAK = YES;
				CLANG_WARN_BLOCK_CAPTURE_AUTORELEASING = YES;
				CLANG_WARN_BOOL_CONVERSION = YES;
				CLANG_WARN_COMMA = YES;
				CLANG_WARN_CONSTANT_CONVERSION = YES;
				CLANG_WARN_DEPRECATED_OBJC_IMPLEMENTATIONS = YES;
				CLANG_WARN_DIRECT_OBJC_ISA_USAGE = YES_ERROR;
				CLANG_WARN_DOCUMENTATION_COMMENTS = YES;
				CLANG_WARN_EMPTY_BODY = YES;
				CLANG_WARN_ENUM_CONVERSION = YES;
				CLANG_WARN_INFINITE_RECURSION = YES;
				CLANG_WARN_INT_CONVERSION = YES;
				CLANG_WARN_NON_LITERAL_NULL_CONVERSION = YES;
				CLANG_WARN_OBJC_IMPLICIT_RETAIN_SELF = YES;
				CLANG_WARN_OBJC_LITERAL_CONVERSION = YES;
				CLANG_WARN_OBJC_ROOT_CLASS = YES_ERROR;
				CLANG_WARN_QUOTED_INCLUDE_IN_FRAMEWORK_HEADER = YES;
				CLANG_WARN_RANGE_LOOP_ANALYSIS = YES;
				CLANG_WARN_STRICT_PROTOTYPES = YES;
				CLANG_WARN_SUSPICIOUS_MOVE = YES;
				CLANG_WARN_UNGUARDED_AVAILABILITY = YES_AGGRESSIVE;
				CLANG_WARN_UNREACHABLE_CODE = YES;
				CLANG_WARN__DUPLICATE_METHOD_MATCH = YES;
				COPY_PHASE_STRIP = NO;
				DEBUG_INFORMATION_FORMAT = "dwarf-with-dsym";
				ENABLE_NS_ASSERTIONS = NO;
				ENABLE_STRICT_OBJC_MSGSEND = YES;
				GCC_C_LANGUAGE_STANDARD = gnu11;
				GCC_NO_COMMON_BLOCKS = YES;
				GCC_WARN_64_TO_32_BIT_CONVERSION = YES;
				GCC_WARN_ABOUT_RETURN_TYPE = YES_ERROR;
				GCC_WARN_UNDECLARED_SELECTOR = YES;
				GCC_WARN_UNINITIALIZED_AUTOS = YES_AGGRESSIVE;
				GCC_WARN_UNUSED_FUNCTION = YES;
				GCC_WARN_UNUSED_VARIABLE = YES;
				IPHONEOS_DEPLOYMENT_TARGET = 16.2;
				MTL_ENABLE_DEBUG_INFO = NO;
				MTL_FAST_MATH = YES;
				SDKROOT = iphoneos;
				SWIFT_COMPILATION_MODE = wholemodule;
				SWIFT_OPTIMIZATION_LEVEL = "-O";
				VALIDATE_PRODUCT = YES;
			};
			name = Release;
		};
		754602562F16B38200FE1399 /* Debug */ = {
			isa = XCBuildConfiguration;
			buildSettings = {
				ASSETCATALOG_COMPILER_APPICON_NAME = AppIcon;
				ASSETCATALOG_COMPILER_GLOBAL_ACCENT_COLOR_NAME = AccentColor;
				CODE_SIGN_STYLE = Automatic;
				CURRENT_PROJECT_VERSION = 1;
				DEVELOPMENT_ASSET_PATHS = "\"TicTacToeHotSeat/Preview Content\"";
				DEVELOPMENT_TEAM = NKX4Y6CAJV;
				ENABLE_PREVIEWS = YES;
				GENERATE_INFOPLIST_FILE = YES;
				INFOPLIST_KEY_UIApplicationSceneManifest_Generation = YES;
				INFOPLIST_KEY_UIApplicationSupportsIndirectInputEvents = YES;
				INFOPLIST_KEY_UILaunchScreen_Generation = YES;
				INFOPLIST_KEY_UISupportedInterfaceOrientations_iPad = "UIInterfaceOrientationPortrait UIInterfaceOrientationPortraitUpsideDown UIInterfaceOrientationLandscapeLeft UIInterfaceOrientationLandscapeRight";
				INFOPLIST_KEY_UISupportedInterfaceOrientations_iPhone = "UIInterfaceOrientationPortrait UIInterfaceOrientationLandscapeLeft UIInterfaceOrientationLandscapeRight";
				LD_RUNPATH_SEARCH_PATHS = (
					"$(inherited)",
					"@executable_path/Frameworks",
				);
				MARKETING_VERSION = 1.0;
				PRODUCT_BUNDLE_IDENTIFIER = com.gmail.urszulawiertel.SwiftUIPlayground;
				PRODUCT_NAME = "$(TARGET_NAME)";
				SWIFT_EMIT_LOC_STRINGS = YES;
				SWIFT_VERSION = 5.0;
				TARGETED_DEVICE_FAMILY = "1,2";
			};
			name = Debug;
		};
		754602572F16B38200FE1399 /* Release */ = {
			isa = XCBuildConfiguration;
			buildSettings = {
				ASSETCATALOG_COMPILER_APPICON_NAME = AppIcon;
				ASSETCATALOG_COMPILER_GLOBAL_ACCENT_COLOR_NAME = AccentColor;
				CODE_SIGN_STYLE = Automatic;
				CURRENT_PROJECT_VERSION = 1;
				DEVELOPMENT_ASSET_PATHS = "\"TicTacToeHotSeat/Preview Content\"";
				DEVELOPMENT_TEAM = NKX4Y6CAJV;
				ENABLE_PREVIEWS = YES;
				GENERATE_INFOPLIST_FILE = YES;
				INFOPLIST_KEY_UIApplicationSceneManifest_Generation = YES;
				INFOPLIST_KEY_UIApplicationSupportsIndirectInputEvents = YES;
				INFOPLIST_KEY_UILaunchScreen_Generation = YES;
				INFOPLIST_KEY_UISupportedInterfaceOrientations_iPad = "UIInterfaceOrientationPortrait UIInterfaceOrientationPortraitUpsideDown UIInterfaceOrientationLandscapeLeft UIInterfaceOrientationLandscapeRight";
				INFOPLIST_KEY_UISupportedInterfaceOrientations_iPhone = "UIInterfaceOrientationPortrait UIInterfaceOrientationLandscapeLeft UIInterfaceOrientationLandscapeRight";
				LD_RUNPATH_SEARCH_PATHS = (
					"$(inherited)",
					"@executable_path/Frameworks",
				);
				MARKETING_VERSION = 1.0;
				PRODUCT_BUNDLE_IDENTIFIER = com.gmail.urszulawiertel.SwiftUIPlayground;
				PRODUCT_NAME = "$(TARGET_NAME)";
				SWIFT_EMIT_LOC_STRINGS = YES;
				SWIFT_VERSION = 5.0;
				TARGETED_DEVICE_FAMILY = "1,2";
			};
			name = Release;
		};
		754602592F16B38200FE1399 /* Debug */ = {
			isa = XCBuildConfiguration;
			buildSettings = {
				ALWAYS_EMBED_SWIFT_STANDARD_LIBRARIES = YES;
				BUNDLE_LOADER = "$(TEST_HOST)";
				CODE_SIGN_STYLE = Automatic;
				CURRENT_PROJECT_VERSION = 1;
				DEVELOPMENT_TEAM = NKX4Y6CAJV;
				GENERATE_INFOPLIST_FILE = YES;
				IPHONEOS_DEPLOYMENT_TARGET = 16.2;
				MARKETING_VERSION = 1.0;
				PRODUCT_BUNDLE_IDENTIFIER = com.gmail.urszulawiertel.SwiftUIPlaygroundTests;
				PRODUCT_NAME = "$(TARGET_NAME)";
				SWIFT_EMIT_LOC_STRINGS = NO;
				SWIFT_VERSION = 5.0;
				TARGETED_DEVICE_FAMILY = "1,2";
				TEST_HOST = "$(BUILT_PRODUCTS_DIR)/TicTacToeHotSeat.app/$(BUNDLE_EXECUTABLE_FOLDER_PATH)/TicTacToeHotSeat";
			};
			name = Debug;
		};
		7546025A2F16B38200FE1399 /* Release */ = {
			isa = XCBuildConfiguration;
			buildSettings = {
				ALWAYS_EMBED_SWIFT_STANDARD_LIBRARIES = YES;
				BUNDLE_LOADER = "$(TEST_HOST)";
				CODE_SIGN_STYLE = Automatic;
				CURRENT_PROJECT_VERSION = 1;
				DEVELOPMENT_TEAM = NKX4Y6CAJV;
				GENERATE_INFOPLIST_FILE = YES;
				IPHONEOS_DEPLOYMENT_TARGET = 16.2;
				MARKETING_VERSION = 1.0;
				PRODUCT_BUNDLE_IDENTIFIER = com.gmail.urszulawiertel.SwiftUIPlaygroundTests;
				PRODUCT_NAME = "$(TARGET_NAME)";
				SWIFT_EMIT_LOC_STRINGS = NO;
				SWIFT_VERSION = 5.0;
				TARGETED_DEVICE_FAMILY = "1,2";
				TEST_HOST = "$(BUILT_PRODUCTS_DIR)/TicTacToeHotSeat.app/$(BUNDLE_EXECUTABLE_FOLDER_PATH)/TicTacToeHotSeat";
			};
			name = Release;
		};
		7546025C2F16B38200FE1399 /* Debug */ = {
			isa = XCBuildConfiguration;
			buildSettings = {
				ALWAYS_EMBED_SWIFT_STANDARD_LIBRARIES = YES;
				CODE_SIGN_STYLE = Automatic;
				CURRENT_PROJECT_VERSION = 1;
				DEVELOPMENT_TEAM = NKX4Y6CAJV;
				GENERATE_INFOPLIST_FILE = YES;
				MARKETING_VERSION = 1.0;
				PRODUCT_BUNDLE_IDENTIFIER = com.gmail.urszulawiertel.SwiftUIPlaygroundUITests;
				PRODUCT_NAME = "$(TARGET_NAME)";
				SWIFT_EMIT_LOC_STRINGS = NO;
				SWIFT_VERSION = 5.0;
				TARGETED_DEVICE_FAMILY = "1,2";
				TEST_TARGET_NAME = SwiftUIPlayground;
			};
			name = Debug;
		};
		7546025D2F16B38200FE1399 /* Release */ = {
			isa = XCBuildConfiguration;
			buildSettings = {
				ALWAYS_EMBED_SWIFT_STANDARD_LIBRARIES = YES;
				CODE_SIGN_STYLE = Automatic;
				CURRENT_PROJECT_VERSION = 1;
				DEVELOPMENT_TEAM = NKX4Y6CAJV;
				GENERATE_INFOPLIST_FILE = YES;
				MARKETING_VERSION = 1.0;
				PRODUCT_BUNDLE_IDENTIFIER = com.gmail.urszulawiertel.SwiftUIPlaygroundUITests;
				PRODUCT_NAME = "$(TARGET_NAME)";
				SWIFT_EMIT_LOC_STRINGS = NO;
				SWIFT_VERSION = 5.0;
				TARGETED_DEVICE_FAMILY = "1,2";
				TEST_TARGET_NAME = SwiftUIPlayground;
			};
			name = Release;
		};
/* End XCBuildConfiguration section */

/* Begin XCConfigurationList section */
		7546022C2F16B37F00FE1399 /* Build configuration list for PBXProject "TicTacToeHotSeat" */ = {
			isa = XCConfigurationList;
			buildConfigurations = (
				754602532F16B38200FE1399 /* Debug */,
				754602542F16B38200FE1399 /* Release */,
			);
			defaultConfigurationIsVisible = 0;
			defaultConfigurationName = Release;
		};
		754602552F16B38200FE1399 /* Build configuration list for PBXNativeTarget "TicTacToeHotSeat" */ = {
			isa = XCConfigurationList;
			buildConfigurations = (
				754602562F16B38200FE1399 /* Debug */,
				754602572F16B38200FE1399 /* Release */,
			);
			defaultConfigurationIsVisible = 0;
			defaultConfigurationName = Release;
		};
		754602582F16B38200FE1399 /* Build configuration list for PBXNativeTarget "TicTacToeHotSeatTests" */ = {
			isa = XCConfigurationList;
			buildConfigurations = (
				754602592F16B38200FE1399 /* Debug */,
				7546025A2F16B38200FE1399 /* Release */,
			);
			defaultConfigurationIsVisible = 0;
			defaultConfigurationName = Release;
		};
		7546025B2F16B38200FE1399 /* Build configuration list for PBXNativeTarget "TicTacToeHotSeatUITests" */ = {
			isa = XCConfigurationList;
			buildConfigurations = (
				7546025C2F16B38200FE1399 /* Debug */,
				7546025D2F16B38200FE1399 /* Release */,
			);
			defaultConfigurationIsVisible = 0;
			defaultConfigurationName = Release;
		};
/* End XCConfigurationList section */
	};
	rootObject = 754602292F16B37F00FE1399 /* Project object */;
}
